schema: '2.0'
stages:
  preprocess:
    cmd: python src/preprocess.py
    deps:
    - path: src/preprocess.py
      hash: md5
      md5: d306901e2cfa11ccc732e2a559bfb4a7
      size: 263
    params:
      params.yaml:
        data.input: data/dataset_v1.csv
    outs:
    - path: data/processed.csv
      hash: md5
      md5: 1de64d7671b87bc1e3ca60109d50129d
      size: 1910089
  train:
    cmd: python src/train.py
    deps:
    - path: data/processed.csv
      hash: md5
      md5: 1de64d7671b87bc1e3ca60109d50129d
      size: 1910089
    - path: src/train.py
      hash: md5
      md5: 93f4568c8711125623e08dcb302372c6
      size: 1755
    params:
      params.yaml:
        models:
          linear_regression:
          random_forest_regressor:
            n_estimators: 100
            max_depth: 5
            random_state: 42
          gradient_boosting_regressor:
            n_estimators: 100
            learning_rate: 0.1
            max_depth: 5
            random_state: 42
        split:
          test_size: 0.2
          random_state: 42
    outs:
    - path: metrics.json
      hash: md5
      md5: 657dc6bf2b09369145ee500576f6d15e
      size: 449
    - path: model.pkl
      hash: md5
      md5: 05f6ce9b56803e677cc6eb668f974c76
      size: 460712
  evaluate:
    cmd: python src/evaluate.py
    deps:
    - path: model.pkl
      hash: md5
      md5: 05f6ce9b56803e677cc6eb668f974c76
      size: 460712
    - path: src/evaluate.py
      hash: md5
      md5: e0dd748397e7fa87b7e60b12f7817c38
      size: 190
    outs:
    - path: report.csv
      hash: md5
      md5: 6547b522cc20e4de0d6057f54be586e9
      size: 259
